// !$*UTF8*$!
{
	archiveVersion = 1;
	classes = {
	};
	objectVersion = 50;
	objects = {

/* Begin PBXBuildFile section */
		E7D6CB7723ACA45E006E7D4C /* AppDelegate.swift in Sources */ = {isa = PBXBuildFile; fileRef = E7D6CB7623ACA45E006E7D4C /* AppDelegate.swift */; };
		E7D6CB7923ACA45E006E7D4C /* ViewController.swift in Sources */ = {isa = PBXBuildFile; fileRef = E7D6CB7823ACA45E006E7D4C /* ViewController.swift */; };
		E7D6CB7C23ACA45E006E7D4C /* Main.storyboard in Resources */ = {isa = PBXBuildFile; fileRef = E7D6CB7A23ACA45E006E7D4C /* Main.storyboard */; };
		E7D6CB7E23ACA460006E7D4C /* Assets.xcassets in Resources */ = {isa = PBXBuildFile; fileRef = E7D6CB7D23ACA460006E7D4C /* Assets.xcassets */; };
		E7D6CB8123ACA460006E7D4C /* LaunchScreen.storyboard in Resources */ = {isa = PBXBuildFile; fileRef = E7D6CB7F23ACA460006E7D4C /* LaunchScreen.storyboard */; };
/* End PBXBuildFile section */

/* Begin PBXFileReference section */
		E7D6CB7323ACA45E006E7D4C /* H&Glow.app */ = {isa = PBXFileReference; explicitFileType = wrapper.application; includeInIndex = 0; path = "H&Glow.app"; sourceTree = BUILT_PRODUCTS_DIR; };
		E7D6CB7623ACA45E006E7D4C /* AppDelegate.swift */ = {isa = PBXFileReference; lastKnownFileType = sourcecode.swift; path = AppDelegate.swift; sourceTree = "<group>"; };
		E7D6CB7823ACA45E006E7D4C /* ViewController.swift */ = {isa = PBXFileReference; lastKnownFileType = sourcecode.swift; path = ViewController.swift; sourceTree = "<group>"; };
		E7D6CB7B23ACA45E006E7D4C /* Base */ = {isa = PBXFileReference; lastKnownFileType = file.storyboard; name = Base; path = Base.lproj/Main.storyboard; sourceTree = "<group>"; };
		E7D6CB7D23ACA460006E7D4C /* Assets.xcassets */ = {isa = PBXFileReference; lastKnownFileType = folder.assetcatalog; path = Assets.xcassets; sourceTree = "<group>"; };
		E7D6CB8023ACA460006E7D4C /* Base */ = {isa = PBXFileReference; lastKnownFileType = file.storyboard; name = Base; path = Base.lproj/LaunchScreen.storyboard; sourceTree = "<group>"; };
		E7D6CB8223ACA460006E7D4C /* Info.plist */ = {isa = PBXFileReference; lastKnownFileType = text.plist.xml; path = Info.plist; sourceTree = "<group>"; };
/* End PBXFileReference section */

/* Begin PBXFrameworksBuildPhase section */
		E7D6CB7023ACA45E006E7D4C /* Frameworks */ = {
			isa = PBXFrameworksBuildPhase;
			buildActionMask = 2147483647;
			files = (
			);
			runOnlyForDeploymentPostprocessing = 0;
		};
/* End PBXFrameworksBuildPhase section */

/* Begin PBXGroup section */
		E7D6CB6A23ACA45E006E7D4C = {
			isa = PBXGroup;
			children = (
				E7D6CB7523ACA45E006E7D4C /* H&Glow */,
				E7D6CB7423ACA45E006E7D4C /* Products */,
			);
			sourceTree = "<group>";
		};
		E7D6CB7423ACA45E006E7D4C /* Products */ = {
			isa = PBXGroup;
			children = (
				E7D6CB7323ACA45E006E7D4C /* H&Glow.app */,
			);
			name = Products;
			sourceTree = "<group>";
		};
		E7D6CB7523ACA45E006E7D4C /* H&Glow */ = {
			isa = PBXGroup;
			children = (
				E7D6CB7623ACA45E006E7D4C /* AppDelegate.swift */,
				E7D6CB7823ACA45E006E7D4C /* ViewController.swift */,
				E7D6CB7A23ACA45E006E7D4C /* Main.storyboard */,
				E7D6CB7D23ACA460006E7D4C /* Assets.xcassets */,
				E7D6CB7F23ACA460006E7D4C /* LaunchScreen.storyboard */,
				E7D6CB8223ACA460006E7D4C /* Info.plist */,
			);
			path = "H&Glow";
			sourceTree = "<group>";
		};
/* End PBXGroup section */

/* Begin PBXNativeTarget section */
		E7D6CB7223ACA45E006E7D4C /* H&Glow */ = {
			isa = PBXNativeTarget;
			buildConfigurationList = E7D6CB8523ACA460006E7D4C /* Build configuration list for PBXNativeTarget "H&Glow" */;
			buildPhases = (
				E7D6CB6F23ACA45E006E7D4C /* Sources */,
				E7D6CB7023ACA45E006E7D4C /* Frameworks */,
				E7D6CB7123ACA45E006E7D4C /* Resources */,
			);
			buildRules = (
			);
			dependencies = (
			);
			name = "H&Glow";
			productName = "H&Glow";
			productReference = E7D6CB7323ACA45E006E7D4C /* H&Glow.app */;
			productType = "com.apple.product-type.application";
		};
/* End PBXNativeTarget section */

/* Begin PBXProject section */
		E7D6CB6B23ACA45E006E7D4C /* Project object */ = {
			isa = PBXProject;
			attributes = {
				LastSwiftUpdateCheck = 1030;
				LastUpgradeCheck = 1030;
				ORGANIZATIONNAME = "Gaurav Chopra";
				TargetAttributes = {
					E7D6CB7223ACA45E006E7D4C = {
						CreatedOnToolsVersion = 10.3;
					};
				};
			};
			buildConfigurationList = E7D6CB6E23ACA45E006E7D4C /* Build configuration list for PBXProject "H&Glow" */;
			compatibilityVersion = "Xcode 9.3";
			developmentRegion = en;
			hasScannedForEncodings = 0;
			knownRegions = (
				en,
				Base,
			);
			mainGroup = E7D6CB6A23ACA45E006E7D4C;
			productRefGroup = E7D6CB7423ACA45E006E7D4C /* Products */;
			projectDirPath = "";
			projectRoot = "";
			targets = (
				E7D6CB7223ACA45E006E7D4C /* H&Glow */,
			);
		};
/* End PBXProject section */

/* Begin PBXResourcesBuildPhase section */
		E7D6CB7123ACA45E006E7D4C /* Resources */ = {
			isa = PBXResourcesBuildPhase;
			buildActionMask = 2147483647;
			files = (
				E7D6CB8123ACA460006E7D4C /* LaunchScreen.storyboard in Resources */,
				E7D6CB7E23ACA460006E7D4C /* Assets.xcassets in Resources */,
				E7D6CB7C23ACA45E006E7D4C /* Main.storyboard in Resources */,
			);
			runOnlyForDeploymentPostprocessing = 0;
		};
/* End PBXResourcesBuildPhase section */

/* Begin PBXSourcesBuildPhase section */
		E7D6CB6F23ACA45E006E7D4C /* Sources */ = {
			isa = PBXSourcesBuildPhase;
			buildActionMask = 2147483647;
			files = (
				E7D6CB7923ACA45E006E7D4C /* ViewController.swift in Sources */,
				E7D6CB7723ACA45E006E7D4C /* AppDelegate.swift in Sources */,
			);
			runOnlyForDeploymentPostprocessing = 0;
		};
/* End PBXSourcesBuildPhase section */

/* Begin PBXVariantGroup section */
		E7D6CB7A23ACA45E006E7D4C /* Main.storyboard */ = {
			isa = PBXVariantGroup;
			children = (
				E7D6CB7B23ACA45E006E7D4C /* Base */,
			);
			name = Main.storyboard;
			sourceTree = "<group>";
		};
		E7D6CB7F23ACA460006E7D4C /* LaunchScreen.storyboard */ = {
			isa = PBXVariantGroup;
			children = (
				E7D6CB8023ACA460006E7D4C /* Base */,
			);
			name = LaunchScreen.storyboard;
			sourceTree = "<group>";
		};
/* End PBXVariantGroup section */

/* Begin XCBuildConfiguration section */
		E7D6CB8323ACA460006E7D4C /* Debug */ = {
			isa = XCBuildConfiguration;
			buildSettings = {
				ALWAYS_SEARCH_USER_PATHS = NO;
				CLANG_ANALYZER_NONNULL = YES;
				CLANG_ANALYZER_NUMBER_OBJECT_CONVERSION = YES_AGGRESSIVE;
				CLANG_CXX_LANGUAGE_STANDARD = "gnu++14";
				CLANG_CXX_LIBRARY = "libc++";
				CLANG_ENABLE_MODULES = YES;
				CLANG_ENABLE_OBJC_ARC = YES;
				CLANG_ENABLE_OBJC_WEAK = YES;
				CLANG_WARN_BLOCK_CAPTURE_AUTORELEASING = YES;
				CLANG_WARN_BOOL_CONVERSION = YES;
				CLANG_WARN_COMMA = YES;
				CLANG_WARN_CONSTANT_CONVERSION = YES;
				CLANG_WARN_DEPRECATED_OBJC_IMPLEMENTATIONS = YES;
				CLANG_WARN_DIRECT_OBJC_ISA_USAGE = YES_ERROR;
				CLANG_WARN_DOCUMENTATION_COMMENTS = YES;
				CLANG_WARN_EMPTY_BODY = YES;
				CLANG_WARN_ENUM_CONVERSION = YES;
				CLANG_WARN_INFINITE_RECURSION = YES;
				CLANG_WARN_INT_CONVERSION = YES;
				CLANG_WARN_NON_LITERAL_NULL_CONVERSION = YES;
				CLANG_WARN_OBJC_IMPLICIT_RETAIN_SELF = YES;
				CLANG_WARN_OBJC_LITERAL_CONVERSION = YES;
				CLANG_WARN_OBJC_ROOT_CLASS = YES_ERROR;
				CLANG_WARN_RANGE_LOOP_ANALYSIS = YES;
				CLANG_WARN_STRICT_PROTOTYPES = YES;
				CLANG_WARN_SUSPICIOUS_MOVE = YES;
				CLANG_WARN_UNGUARDED_AVAILABILITY = YES_AGGRESSIVE;
				CLANG_WARN_UNREACHABLE_CODE = YES;
				CLANG_WARN__DUPLICATE_METHOD_MATCH = YES;
				CODE_SIGN_IDENTITY = "iPhone Developer";
				COPY_PHASE_STRIP = NO;
				DEBUG_INFORMATION_FORMAT = dwarf;
				ENABLE_STRICT_OBJC_MSGSEND = YES;
				ENABLE_TESTABILITY = YES;
				GCC_C_LANGUAGE_STANDARD = gnu11;
				GCC_DYNAMIC_NO_PIC = NO;
				GCC_NO_COMMON_BLOCKS = YES;
				GCC_OPTIMIZATION_LEVEL = 0;
				GCC_PREPROCESSOR_DEFINITIONS = (
					"DEBUG=1",
					"$(inherited)",
				);
				GCC_WARN_64_TO_32_BIT_CONVERSION = YES;
				GCC_WARN_ABOUT_RETURN_TYPE = YES_ERROR;
				GCC_WARN_UNDECLARED_SELECTOR = YES;
				GCC_WARN_UNINITIALIZED_AUTOS = YES_AGGRESSIVE;
				GCC_WARN_UNUSED_FUNCTION = YES;
				GCC_WARN_UNUSED_VARIABLE = YES;
				IPHONEOS_DEPLOYMENT_TARGET = 12.4;
				MTL_ENABLE_DEBUG_INFO = INCLUDE_SOURCE;
				MTL_FAST_MATH = YES;
				ONLY_ACTIVE_ARCH = YES;
				SDKROOT = iphoneos;
				SWIFT_ACTIVE_COMPILATION_CONDITIONS = DEBUG;
				SWIFT_OPTIMIZATION_LEVEL = "-Onone";
			};
			name = Debug;
		};
		E7D6CB8423ACA460006E7D4C /* Release */ = {
			isa = XCBuildConfiguration;
			buildSettings = {
				ALWAYS_SEARCH_USER_PATHS = NO;
				CLANG_ANALYZER_NONNULL = YES;
				CLANG_ANALYZER_NUMBER_OBJECT_CONVERSION = YES_AGGRESSIVE;
				CLANG_CXX_LANGUAGE_STANDARD = "gnu++14";
				CLANG_CXX_LIBRARY = "libc++";
				CLANG_ENABLE_MODULES = YES;
				CLANG_ENABLE_OBJC_ARC = YES;
				CLANG_ENABLE_OBJC_WEAK = YES;
				CLANG_WARN_BLOCK_CAPTURE_AUTORELEASING = YES;
				CLANG_WARN_BOOL_CONVERSION = YES;
				CLANG_WARN_COMMA = YES;
				CLANG_WARN_CONSTANT_CONVERSION = YES;
				CLANG_WARN_DEPRECATED_OBJC_IMPLEMENTATIONS = YES;
				CLANG_WARN_DIRECT_OBJC_ISA_USAGE = YES_ERROR;
				CLANG_WARN_DOCUMENTATION_COMMENTS = YES;
				CLANG_WARN_EMPTY_BODY = YES;
				CLANG_WARN_ENUM_CONVERSION = YES;
				CLANG_WARN_INFINITE_RECURSION = YES;
				CLANG_WARN_INT_CONVERSION = YES;
				CLANG_WARN_NON_LITERAL_NULL_CONVERSION = YES;
				CLANG_WARN_OBJC_IMPLICIT_RETAIN_SELF = YES;
				CLANG_WARN_OBJC_LITERAL_CONVERSION = YES;
				CLANG_WARN_OBJC_ROOT_CLASS = YES_ERROR;
				CLANG_WARN_RANGE_LOOP_ANALYSIS = YES;
				CLANG_WARN_STRICT_PROTOTYPES = YES;
				CLANG_WARN_SUSPICIOUS_MOVE = YES;
				CLANG_WARN_UNGUARDED_AVAILABILITY = YES_AGGRESSIVE;
				CLANG_WARN_UNREACHABLE_CODE = YES;
				CLANG_WARN__DUPLICATE_METHOD_MATCH = YES;
				CODE_SIGN_IDENTITY = "iPhone Developer";
				COPY_PHASE_STRIP = NO;
				DEBUG_INFORMATION_FORMAT = "dwarf-with-dsym";
				ENABLE_NS_ASSERTIONS = NO;
				ENABLE_STRICT_OBJC_MSGSEND = YES;
				GCC_C_LANGUAGE_STANDARD = gnu11;
				GCC_NO_COMMON_BLOCKS = YES;
				GCC_WARN_64_TO_32_BIT_CONVERSION = YES;
				GCC_WARN_ABOUT_RETURN_TYPE = YES_ERROR;
				GCC_WARN_UNDECLARED_SELECTOR = YES;
				GCC_WARN_UNINITIALIZED_AUTOS = YES_AGGRESSIVE;
				GCC_WARN_UNUSED_FUNCTION = YES;
				GCC_WARN_UNUSED_VARIABLE = YES;
				IPHONEOS_DEPLOYMENT_TARGET = 12.4;
				MTL_ENABLE_DEBUG_INFO = NO;
				MTL_FAST_MATH = YES;
				SDKROOT = iphoneos;
				SWIFT_COMPILATION_MODE = wholemodule;
				SWIFT_OPTIMIZATION_LEVEL = "-O";
				VALIDATE_PRODUCT = YES;
			};
			name = Release;
		};
		E7D6CB8623ACA460006E7D4C /* Debug */ = {
			isa = XCBuildConfiguration;
			buildSettings = {
				ASSETCATALOG_COMPILER_APPICON_NAME = AppIcon;
				CODE_SIGN_STYLE = Automatic;
				DEVELOPMENT_TEAM = DY99HPLWZG;
				INFOPLIST_FILE = "H&Glow/Info.plist";
				LD_RUNPATH_SEARCH_PATHS = (
					"$(inherited)",
					"@executable_path/Frameworks",
				);
				PRODUCT_BUNDLE_IDENTIFIER = "vineetsingh.H-Glow";
				PRODUCT_NAME = "$(TARGET_NAME)";
				SWIFT_VERSION = 5.0;
				TARGETED_DEVICE_FAMILY = "1,2";
			};
			name = Debug;
		};
		E7D6CB8723ACA460006E7D4C /* Release */ = {
			isa = XCBuildConfiguration;
			buildSettings = {
				ASSETCATALOG_COMPILER_APPICON_NAME = AppIcon;
				CODE_SIGN_STYLE = Automatic;
				DEVELOPMENT_TEAM = DY99HPLWZG;
				INFOPLIST_FILE = "H&Glow/Info.plist";
				LD_RUNPATH_SEARCH_PATHS = (
					"$(inherited)",
					"@executable_path/Frameworks",
				);
				PRODUCT_BUNDLE_IDENTIFIER = "vineetsingh.H-Glow";
				PRODUCT_NAME = "$(TARGET_NAME)";
				SWIFT_VERSION = 5.0;
				TARGETED_DEVICE_FAMILY = "1,2";
			};
			name = Release;
		};
/* End XCBuildConfiguration section */

/* Begin XCConfigurationList section */
		E7D6CB6E23ACA45E006E7D4C /* Build configuration list for PBXProject "H&Glow" */ = {
			isa = XCConfigurationList;
			buildConfigurations = (
				E7D6CB8323ACA460006E7D4C /* Debug */,
				E7D6CB8423ACA460006E7D4C /* Release */,
			);
			defaultConfigurationIsVisible = 0;
			defaultConfigurationName = Release;
		};
		E7D6CB8523ACA460006E7D4C /* Build configuration list for PBXNativeTarget "H&Glow" */ = {
			isa = XCConfigurationList;
			buildConfigurations = (
				E7D6CB8623ACA460006E7D4C /* Debug */,
				E7D6CB8723ACA460006E7D4C /* Release */,
			);
			defaultConfigurationIsVisible = 0;
			defaultConfigurationName = Release;
		};
/* End XCConfigurationList section */
	};
	rootObject = E7D6CB6B23ACA45E006E7D4C /* Project object */;
}
